
Microsoft Visual Studio Solution File, Format Version 12.00
# Visual Studio Version 16
VisualStudioVersion = 16.0.30621.155
MinimumVisualStudioVersion = 10.0.40219.1
Project("{FAE04EC0-301F-11D3-BF4B-00C04F79EFBC}") = "ClientCFC-P4-20180140099_Form", "ClientCFC-P4-20180140099_Form\ClientCFC-P4-20180140099_Form.csproj", "{DD9DC7E7-E91C-43D3-809E-58259C0C28DD}"
EndProject
Global
	GlobalSection(SolutionConfigurationPlatforms) = preSolution
		Debug|Any CPU = Debug|Any CPU
		Release|Any CPU = Release|Any CPU
	EndGlobalSection
	GlobalSection(ProjectConfigurationPlatforms) = postSolution
		{DD9DC7E7-E91C-43D3-809E-58259C0C28DD}.Debug|Any CPU.ActiveCfg = Debug|Any CPU
		{DD9DC7E7-E91C-43D3-809E-58259C0C28DD}.Debug|Any CPU.Build.0 = Debug|Any CPU
		{DD9DC7E7-E91C-43D3-809E-58259C0C28DD}.Release|Any CPU.ActiveCfg = Release|Any CPU
		{DD9DC7E7-E91C-43D3-809E-58259C0C28DD}.Release|Any CPU.Build.0 = Release|Any CPU
	EndGlobalSection
	GlobalSection(SolutionProperties) = preSolution
		HideSolutionNode = FALSE
	EndGlobalSection
	GlobalSection(ExtensibilityGlobals) = postSolution
		SolutionGuid = {4CDFB7E1-6183-4436-BAAA-6E032A458AF9}
	EndGlobalSection
EndGlobal
